
Microsoft Visual Studio Solution File, Format Version 12.00
# Visual Studio 2012
Project("{FAE04EC0-301F-11D3-BF4B-00C04F79EFBC}") = "BowlingGame.Specs", "BowlingGame.Specs\BowlingGame.Specs.csproj", "{7B1411C5-F752-4DC4-AA5D-FF32703F4339}"
EndProject
Project("{FAE04EC0-301F-11D3-BF4B-00C04F79EFBC}") = "BowlingGame.Clients.Wpf", "BowlingGame.Clients.Wpf\BowlingGame.Clients.Wpf.csproj", "{F2B64309-A807-43A4-A716-79FDD8245069}"
EndProject
Global
	GlobalSection(SolutionConfigurationPlatforms) = preSolution
		Debug|Any CPU = Debug|Any CPU
		Release|Any CPU = Release|Any CPU
	EndGlobalSection
	GlobalSection(ProjectConfigurationPlatforms) = postSolution
		{7B1411C5-F752-4DC4-AA5D-FF32703F4339}.Debug|Any CPU.ActiveCfg = Debug|Any CPU
		{7B1411C5-F752-4DC4-AA5D-FF32703F4339}.Debug|Any CPU.Build.0 = Debug|Any CPU
		{7B1411C5-F752-4DC4-AA5D-FF32703F4339}.Release|Any CPU.ActiveCfg = Release|Any CPU
		{7B1411C5-F752-4DC4-AA5D-FF32703F4339}.Release|Any CPU.Build.0 = Release|Any CPU
		{F2B64309-A807-43A4-A716-79FDD8245069}.Debug|Any CPU.ActiveCfg = Debug|Any CPU
		{F2B64309-A807-43A4-A716-79FDD8245069}.Debug|Any CPU.Build.0 = Debug|Any CPU
		{F2B64309-A807-43A4-A716-79FDD8245069}.Release|Any CPU.ActiveCfg = Release|Any CPU
		{F2B64309-A807-43A4-A716-79FDD8245069}.Release|Any CPU.Build.0 = Release|Any CPU
	EndGlobalSection
	GlobalSection(SolutionProperties) = preSolution
		HideSolutionNode = FALSE
	EndGlobalSection
EndGlobal
